
Microsoft Visual Studio Solution File, Format Version 12.00
# Visual Studio Version 17
VisualStudioVersion = 17.9.34714.143
MinimumVisualStudioVersion = 10.0.40219.1
Project("{9A19103F-16F7-4668-BE54-9A1E7A4F7556}") = "Trening", "Trening\Trening.csproj", "{BD4D1441-6B00-49E2-9DFD-21EA2A93C411}"
EndProject
Project("{2150E333-8FDC-42A3-9474-1A3956D46DE8}") = "Solution Items", "Solution Items", "{96D4730C-9BB4-4BCE-9DA9-3786BD9F63D1}"
	ProjectSection(SolutionItems) = preProject
		.gitignore = .gitignore
	EndProjectSection
EndProject
Project("{FAE04EC0-301F-11D3-BF4B-00C04F79EFBC}") = "Trening.Data", "Trening.Data\Trening.Data.csproj", "{9BA9751C-C115-444E-9D66-2089C90998C9}"
EndProject
Project("{FAE04EC0-301F-11D3-BF4B-00C04F79EFBC}") = "Trening.Business", "Trening.Business\Trening.Business.csproj", "{B1E0D48E-B923-472E-BE14-764552037EC8}"
EndProject
Global
	GlobalSection(SolutionConfigurationPlatforms) = preSolution
		Debug|Any CPU = Debug|Any CPU
		Release|Any CPU = Release|Any CPU
	EndGlobalSection
	GlobalSection(ProjectConfigurationPlatforms) = postSolution
		{BD4D1441-6B00-49E2-9DFD-21EA2A93C411}.Debug|Any CPU.ActiveCfg = Debug|Any CPU
		{BD4D1441-6B00-49E2-9DFD-21EA2A93C411}.Debug|Any CPU.Build.0 = Debug|Any CPU
		{BD4D1441-6B00-49E2-9DFD-21EA2A93C411}.Release|Any CPU.ActiveCfg = Release|Any CPU
		{BD4D1441-6B00-49E2-9DFD-21EA2A93C411}.Release|Any CPU.Build.0 = Release|Any CPU
		{9BA9751C-C115-444E-9D66-2089C90998C9}.Debug|Any CPU.ActiveCfg = Debug|Any CPU
		{9BA9751C-C115-444E-9D66-2089C90998C9}.Debug|Any CPU.Build.0 = Debug|Any CPU
		{9BA9751C-C115-444E-9D66-2089C90998C9}.Release|Any CPU.ActiveCfg = Release|Any CPU
		{9BA9751C-C115-444E-9D66-2089C90998C9}.Release|Any CPU.Build.0 = Release|Any CPU
		{B1E0D48E-B923-472E-BE14-764552037EC8}.Debug|Any CPU.ActiveCfg = Debug|Any CPU
		{B1E0D48E-B923-472E-BE14-764552037EC8}.Debug|Any CPU.Build.0 = Debug|Any CPU
		{B1E0D48E-B923-472E-BE14-764552037EC8}.Release|Any CPU.ActiveCfg = Release|Any CPU
		{B1E0D48E-B923-472E-BE14-764552037EC8}.Release|Any CPU.Build.0 = Release|Any CPU
	EndGlobalSection
	GlobalSection(SolutionProperties) = preSolution
		HideSolutionNode = FALSE
	EndGlobalSection
	GlobalSection(ExtensibilityGlobals) = postSolution
		SolutionGuid = {107CD2D5-8E29-4DC5-ABB5-000445F61073}
	EndGlobalSection
EndGlobal
